
Microsoft Visual Studio Solution File, Format Version 12.00
# Visual Studio Version 17
VisualStudioVersion = 17.14.36212.18 d17.14
MinimumVisualStudioVersion = 10.0.40219.1
Project("{FAE04EC0-301F-11D3-BF4B-00C04F79EFBC}") = "TodoApp", "TodoApp\TodoApp.csproj", "{270A636B-5BF2-46E3-B79D-01185A9BB826}"
EndProject
Global
	GlobalSection(SolutionConfigurationPlatforms) = preSolution
		Debug|Any CPU = Debug|Any CPU
		Release|Any CPU = Release|Any CPU
	EndGlobalSection
	GlobalSection(ProjectConfigurationPlatforms) = postSolution
		{270A636B-5BF2-46E3-B79D-01185A9BB826}.Debug|Any CPU.ActiveCfg = Debug|Any CPU
		{270A636B-5BF2-46E3-B79D-01185A9BB826}.Debug|Any CPU.Build.0 = Debug|Any CPU
		{270A636B-5BF2-46E3-B79D-01185A9BB826}.Release|Any CPU.ActiveCfg = Release|Any CPU
		{270A636B-5BF2-46E3-B79D-01185A9BB826}.Release|Any CPU.Build.0 = Release|Any CPU
	EndGlobalSection
	GlobalSection(SolutionProperties) = preSolution
		HideSolutionNode = FALSE
	EndGlobalSection
	GlobalSection(ExtensibilityGlobals) = postSolution
		SolutionGuid = {8FF5F30B-D432-4C2B-8DCE-2B8C45D49E69}
	EndGlobalSection
EndGlobal
